
Microsoft Visual Studio Solution File, Format Version 12.00
# Visual Studio Version 16
VisualStudioVersion = 16.0.29123.88
MinimumVisualStudioVersion = 10.0.40219.1
Project("{FAE04EC0-301F-11D3-BF4B-00C04F79EFBC}") = "Cw1", "Cw1\Cw1.csproj", "{2AA0D9B2-C77A-4AF8-8755-32028E251D0B}"
EndProject
Global
	GlobalSection(SolutionConfigurationPlatforms) = preSolution
		Debug|Any CPU = Debug|Any CPU
		Release|Any CPU = Release|Any CPU
	EndGlobalSection
	GlobalSection(ProjectConfigurationPlatforms) = postSolution
		{2AA0D9B2-C77A-4AF8-8755-32028E251D0B}.Debug|Any CPU.ActiveCfg = Debug|Any CPU
		{2AA0D9B2-C77A-4AF8-8755-32028E251D0B}.Debug|Any CPU.Build.0 = Debug|Any CPU
		{2AA0D9B2-C77A-4AF8-8755-32028E251D0B}.Release|Any CPU.ActiveCfg = Release|Any CPU
		{2AA0D9B2-C77A-4AF8-8755-32028E251D0B}.Release|Any CPU.Build.0 = Release|Any CPU
	EndGlobalSection
	GlobalSection(SolutionProperties) = preSolution
		HideSolutionNode = FALSE
	EndGlobalSection
	GlobalSection(ExtensibilityGlobals) = postSolution
		SolutionGuid = {0D664AB8-3DA6-4208-8F91-85C1D774B063}
	EndGlobalSection
EndGlobal
